
Microsoft Visual Studio Solution File, Format Version 11.00
# Visual Studio 2010
Project("{8BC9CEB8-8B4A-11D0-8D11-00A0C91BC942}") = "AnagramChecker", "AnagramChecker\AnagramChecker.vcxproj", "{565964F1-3AD8-4899-B18B-5FC1F71E7E0C}"
EndProject
Global
	GlobalSection(SolutionConfigurationPlatforms) = preSolution
		Debug|Win32 = Debug|Win32
		Release|Win32 = Release|Win32
	EndGlobalSection
	GlobalSection(ProjectConfigurationPlatforms) = postSolution
		{565964F1-3AD8-4899-B18B-5FC1F71E7E0C}.Debug|Win32.ActiveCfg = Debug|Win32
		{565964F1-3AD8-4899-B18B-5FC1F71E7E0C}.Debug|Win32.Build.0 = Debug|Win32
		{565964F1-3AD8-4899-B18B-5FC1F71E7E0C}.Release|Win32.ActiveCfg = Release|Win32
		{565964F1-3AD8-4899-B18B-5FC1F71E7E0C}.Release|Win32.Build.0 = Release|Win32
	EndGlobalSection
	GlobalSection(SolutionProperties) = preSolution
		HideSolutionNode = FALSE
	EndGlobalSection
EndGlobal
